
Microsoft Visual Studio Solution File, Format Version 12.00
# Visual Studio 14
VisualStudioVersion = 14.0.25420.1
MinimumVisualStudioVersion = 10.0.40219.1
Project("{FAE04EC0-301F-11D3-BF4B-00C04F79EFBC}") = "Api", "..\Api\Api.csproj", "{B8D62D78-7FD6-4483-B3B3-5360915456E1}"
EndProject
Project("{FAE04EC0-301F-11D3-BF4B-00C04F79EFBC}") = "Facade", "..\Facade\Facade.csproj", "{116FDCD7-A15F-4D3F-8D28-F0D8BD659E17}"
EndProject
Project("{FAE04EC0-301F-11D3-BF4B-00C04F79EFBC}") = "Utillities", "..\Utillities\Utillities.csproj", "{D7C1D26B-5BD0-4952-904A-12028177DE78}"
EndProject
Project("{FAE04EC0-301F-11D3-BF4B-00C04F79EFBC}") = "Services", "..\Services\Services.csproj", "{2729D05B-9583-4341-BDF8-8CED574B2104}"
EndProject
Global
	GlobalSection(SolutionConfigurationPlatforms) = preSolution
		Debug|Any CPU = Debug|Any CPU
		Release|Any CPU = Release|Any CPU
	EndGlobalSection
	GlobalSection(ProjectConfigurationPlatforms) = postSolution
		{B8D62D78-7FD6-4483-B3B3-5360915456E1}.Debug|Any CPU.ActiveCfg = Debug|Any CPU
		{B8D62D78-7FD6-4483-B3B3-5360915456E1}.Debug|Any CPU.Build.0 = Debug|Any CPU
		{B8D62D78-7FD6-4483-B3B3-5360915456E1}.Release|Any CPU.ActiveCfg = Release|Any CPU
		{B8D62D78-7FD6-4483-B3B3-5360915456E1}.Release|Any CPU.Build.0 = Release|Any CPU
		{116FDCD7-A15F-4D3F-8D28-F0D8BD659E17}.Debug|Any CPU.ActiveCfg = Debug|Any CPU
		{116FDCD7-A15F-4D3F-8D28-F0D8BD659E17}.Debug|Any CPU.Build.0 = Debug|Any CPU
		{116FDCD7-A15F-4D3F-8D28-F0D8BD659E17}.Release|Any CPU.ActiveCfg = Release|Any CPU
		{116FDCD7-A15F-4D3F-8D28-F0D8BD659E17}.Release|Any CPU.Build.0 = Release|Any CPU
		{D7C1D26B-5BD0-4952-904A-12028177DE78}.Debug|Any CPU.ActiveCfg = Debug|Any CPU
		{D7C1D26B-5BD0-4952-904A-12028177DE78}.Debug|Any CPU.Build.0 = Debug|Any CPU
		{D7C1D26B-5BD0-4952-904A-12028177DE78}.Release|Any CPU.ActiveCfg = Release|Any CPU
		{D7C1D26B-5BD0-4952-904A-12028177DE78}.Release|Any CPU.Build.0 = Release|Any CPU
		{2729D05B-9583-4341-BDF8-8CED574B2104}.Debug|Any CPU.ActiveCfg = Debug|Any CPU
		{2729D05B-9583-4341-BDF8-8CED574B2104}.Debug|Any CPU.Build.0 = Debug|Any CPU
		{2729D05B-9583-4341-BDF8-8CED574B2104}.Release|Any CPU.ActiveCfg = Release|Any CPU
		{2729D05B-9583-4341-BDF8-8CED574B2104}.Release|Any CPU.Build.0 = Release|Any CPU
	EndGlobalSection
	GlobalSection(SolutionProperties) = preSolution
		HideSolutionNode = FALSE
	EndGlobalSection
EndGlobal
